# THIS IS AN AUTOGENERATED FILE. DO NOT EDIT THIS FILE DIRECTLY.
# yarn lockfile v1


roughjs@^2.2.5:
  version "2.2.5"
  resolved "https://registry.yarnpkg.com/roughjs/-/roughjs-2.2.5.tgz#1ca03432e7e620a165865950a3033ce5f87eb250"

typescript@^3.0.1:
  version "3.0.1"
  resolved "https://registry.yarnpkg.com/typescript/-/typescript-3.0.1.tgz#43738f29585d3a87575520a4b93ab6026ef11fdb"
